{
  "name": "dcl-project",
  "version": "1.0.0",
  "lockfileVersion": 1,
  "requires": true,
  "dependencies": {
    "commander": {
      "version": "2.20.3",
      "resolved": "https://registry.npmjs.org/commander/-/commander-2.20.3.tgz",
      "integrity": "sha512-GpVkmM8vF2vQUkj2LvZmD35JxeJOLCwJ9cUkugyk2nuhbv3+mJvpLYYt+0+USMxE+oj+ey/lJEnhZw75x/OMcQ==",
      "dev": true
    },
    "decentraland-ecs": {
      "version": "6.4.3-20191024143537.commit-090bf5a",
      "resolved": "https://registry.npmjs.org/decentraland-ecs/-/decentraland-ecs-6.4.3-20191024143537.commit-090bf5a.tgz",
      "integrity": "sha512-92JRIlR9RecX2p8t12mxDDeMtxKpOfqmEHzWvC+/c8/5r6xX1Z8upgsBPqdEkxWMIW3AZJexHFV8jzqEeZp3SA==",
      "dev": true,
      "requires": {
        "typescript": "^3.4.5",
        "uglify-js": "^3.5.2"
      }
    },
    "decentraland-ecs-utils": {
      "version": "1.1.3",
      "resolved": "https://registry.npmjs.org/decentraland-ecs-utils/-/decentraland-ecs-utils-1.1.3.tgz",
      "integrity": "sha512-JZ9F0s6+6a4UKjRFojQtuRIDOseo4i03rb9f0fXtXXtV6ESAnIdsu3qri8k8RHbPMEoyXmqZH6kc7k0jpGPGQA=="
    },
    "source-map": {
      "version": "0.6.1",
      "resolved": "https://registry.npmjs.org/source-map/-/source-map-0.6.1.tgz",
      "integrity": "sha512-UjgapumWlbMhkBgzT7Ykc5YXUT46F0iKu8SGXq0bcwP5dz/h0Plj6enJqjz1Zbq2l5WaqYnrVbwWOWMyF3F47g==",
      "dev": true
    },
    "typescript": {
      "version": "3.6.4",
      "resolved": "https://registry.npmjs.org/typescript/-/typescript-3.6.4.tgz",
      "integrity": "sha512-unoCll1+l+YK4i4F8f22TaNVPRHcD9PA3yCuZ8g5e0qGqlVlJ/8FSateOLLSagn+Yg5+ZwuPkL8LFUc0Jcvksg==",
      "dev": true
    },
    "uglify-js": {
      "version": "3.6.4",
      "resolved": "https://registry.npmjs.org/uglify-js/-/uglify-js-3.6.4.tgz",
      "integrity": "sha512-9Yc2i881pF4BPGhjteCXQNaXx1DCwm3dtOyBaG2hitHjLWOczw/ki8vD1bqyT3u6K0Ms/FpCShkmfg+FtlOfYA==",
      "dev": true,
      "requires": {
        "commander": "~2.20.3",
        "source-map": "~0.6.1"
      }
    }
  }
}
